
Microsoft Visual Studio Solution File, Format Version 12.00
# Visual Studio Version 17
VisualStudioVersion = 17.7.34221.43
MinimumVisualStudioVersion = 10.0.40219.1
Project("{9A19103F-16F7-4668-BE54-9A1E7A4F7556}") = "BnLog.APL", "BnLog.APL.csproj", "{FD082CEA-7FD6-484A-B86E-7AAAA95F3795}"
	ProjectSection(ProjectDependencies) = postProject
		{3FE6603B-D642-4DEB-96F5-A6BBB00BB578} = {3FE6603B-D642-4DEB-96F5-A6BBB00BB578}
		{98747205-8562-4D78-8F9C-B25122AD6660} = {98747205-8562-4D78-8F9C-B25122AD6660}
	EndProjectSection
EndProject
Project("{9A19103F-16F7-4668-BE54-9A1E7A4F7556}") = "BnLog.DAL", "BnLog.DAL\BnLog.DAL.csproj", "{98747205-8562-4D78-8F9C-B25122AD6660}"
EndProject
Project("{9A19103F-16F7-4668-BE54-9A1E7A4F7556}") = "BnLog.VAL", "BnLog.VAL\BnLog.VAL.csproj", "{670DC168-5064-4B80-ABF5-B4C549C5D833}"
	ProjectSection(ProjectDependencies) = postProject
		{98747205-8562-4D78-8F9C-B25122AD6660} = {98747205-8562-4D78-8F9C-B25122AD6660}
	EndProjectSection
EndProject
Project("{9A19103F-16F7-4668-BE54-9A1E7A4F7556}") = "BnLog.BLL", "BnLog.BLL\BnLog.BLL.csproj", "{3FE6603B-D642-4DEB-96F5-A6BBB00BB578}"
	ProjectSection(ProjectDependencies) = postProject
		{670DC168-5064-4B80-ABF5-B4C549C5D833} = {670DC168-5064-4B80-ABF5-B4C549C5D833}
		{98747205-8562-4D78-8F9C-B25122AD6660} = {98747205-8562-4D78-8F9C-B25122AD6660}
	EndProjectSection
EndProject
Project("{FAE04EC0-301F-11D3-BF4B-00C04F79EFBC}") = "BnLog.API", "BnLog.API\BnLog.API.csproj", "{4A51FC64-957E-4F03-9D0E-B700D67FC573}"
EndProject
Global
	GlobalSection(SolutionConfigurationPlatforms) = preSolution
		Debug|Any CPU = Debug|Any CPU
		Release|Any CPU = Release|Any CPU
	EndGlobalSection
	GlobalSection(ProjectConfigurationPlatforms) = postSolution
		{FD082CEA-7FD6-484A-B86E-7AAAA95F3795}.Debug|Any CPU.ActiveCfg = Debug|Any CPU
		{FD082CEA-7FD6-484A-B86E-7AAAA95F3795}.Debug|Any CPU.Build.0 = Debug|Any CPU
		{FD082CEA-7FD6-484A-B86E-7AAAA95F3795}.Release|Any CPU.ActiveCfg = Release|Any CPU
		{FD082CEA-7FD6-484A-B86E-7AAAA95F3795}.Release|Any CPU.Build.0 = Release|Any CPU
		{98747205-8562-4D78-8F9C-B25122AD6660}.Debug|Any CPU.ActiveCfg = Debug|Any CPU
		{98747205-8562-4D78-8F9C-B25122AD6660}.Debug|Any CPU.Build.0 = Debug|Any CPU
		{98747205-8562-4D78-8F9C-B25122AD6660}.Release|Any CPU.ActiveCfg = Release|Any CPU
		{98747205-8562-4D78-8F9C-B25122AD6660}.Release|Any CPU.Build.0 = Release|Any CPU
		{670DC168-5064-4B80-ABF5-B4C549C5D833}.Debug|Any CPU.ActiveCfg = Debug|Any CPU
		{670DC168-5064-4B80-ABF5-B4C549C5D833}.Debug|Any CPU.Build.0 = Debug|Any CPU
		{670DC168-5064-4B80-ABF5-B4C549C5D833}.Release|Any CPU.ActiveCfg = Release|Any CPU
		{670DC168-5064-4B80-ABF5-B4C549C5D833}.Release|Any CPU.Build.0 = Release|Any CPU
		{3FE6603B-D642-4DEB-96F5-A6BBB00BB578}.Debug|Any CPU.ActiveCfg = Debug|Any CPU
		{3FE6603B-D642-4DEB-96F5-A6BBB00BB578}.Debug|Any CPU.Build.0 = Debug|Any CPU
		{3FE6603B-D642-4DEB-96F5-A6BBB00BB578}.Release|Any CPU.ActiveCfg = Release|Any CPU
		{3FE6603B-D642-4DEB-96F5-A6BBB00BB578}.Release|Any CPU.Build.0 = Release|Any CPU
		{4A51FC64-957E-4F03-9D0E-B700D67FC573}.Debug|Any CPU.ActiveCfg = Debug|Any CPU
		{4A51FC64-957E-4F03-9D0E-B700D67FC573}.Debug|Any CPU.Build.0 = Debug|Any CPU
		{4A51FC64-957E-4F03-9D0E-B700D67FC573}.Release|Any CPU.ActiveCfg = Release|Any CPU
		{4A51FC64-957E-4F03-9D0E-B700D67FC573}.Release|Any CPU.Build.0 = Release|Any CPU
	EndGlobalSection
	GlobalSection(SolutionProperties) = preSolution
		HideSolutionNode = FALSE
	EndGlobalSection
	GlobalSection(ExtensibilityGlobals) = postSolution
		SolutionGuid = {956C473D-E508-4A0F-81FB-9E183678DCC7}
	EndGlobalSection
EndGlobal
